
Microsoft Visual Studio Solution File, Format Version 12.00
# Visual Studio Version 16
VisualStudioVersion = 16.0.31112.23
MinimumVisualStudioVersion = 10.0.40219.1
Project("{FAE04EC0-301F-11D3-BF4B-00C04F79EFBC}") = "MemoryPatcher", "UniversalPatcher\MemoryPatcher.csproj", "{97680B3B-F9AE-47D0-9206-8418E410AF15}"
EndProject
Project("{2150E333-8FDC-42A3-9474-1A3956D46DE8}") = "Solution Items", "Solution Items", "{8557E47F-4EF4-4A09-A0F6-A257DBC3C415}"
	ProjectSection(SolutionItems) = preProject
		readme.md = readme.md
	EndProjectSection
EndProject
Global
	GlobalSection(SolutionConfigurationPlatforms) = preSolution
		Debug|Any CPU = Debug|Any CPU
		Release|Any CPU = Release|Any CPU
	EndGlobalSection
	GlobalSection(ProjectConfigurationPlatforms) = postSolution
		{97680B3B-F9AE-47D0-9206-8418E410AF15}.Debug|Any CPU.ActiveCfg = Debug|Any CPU
		{97680B3B-F9AE-47D0-9206-8418E410AF15}.Debug|Any CPU.Build.0 = Debug|Any CPU
		{97680B3B-F9AE-47D0-9206-8418E410AF15}.Release|Any CPU.ActiveCfg = Release|Any CPU
		{97680B3B-F9AE-47D0-9206-8418E410AF15}.Release|Any CPU.Build.0 = Release|Any CPU
	EndGlobalSection
	GlobalSection(SolutionProperties) = preSolution
		HideSolutionNode = FALSE
	EndGlobalSection
	GlobalSection(ExtensibilityGlobals) = postSolution
		SolutionGuid = {1CD6B255-8EE8-453E-9C1E-A8E593EBBBCD}
	EndGlobalSection
EndGlobal
